{
  "version": 4,
  "terraform_version": "0.13.5",
  "serial": 216,
  "lineage": "c339c42e-b065-996f-f42a-8e67b46b0acf",
  "outputs": {},
  "resources": [
    {
      "mode": "managed",
      "type": "aws_s3_bucket",
      "name": "prateekpratilipi98",
      "provider": "provider[\"registry.terraform.io/hashicorp/aws\"]",
      "instances": [
        {
          "schema_version": 0,
          "attributes": {
            "acceleration_status": "",
            "acl": "private",
            "arn": "arn:aws:s3:::prateekpratilipi98",
            "bucket": "prateekpratilipi98",
            "bucket_domain_name": "prateekpratilipi98.s3.amazonaws.com",
            "bucket_prefix": null,
            "bucket_regional_domain_name": "prateekpratilipi98.s3.amazonaws.com",
            "cors_rule": [],
            "force_destroy": false,
            "grant": [],
            "hosted_zone_id": "Z3AQBSTGFYJSTF",
            "id": "prateekpratilipi98",
            "lifecycle_rule": [],
            "logging": [],
            "object_lock_configuration": [],
            "policy": null,
            "region": "us-east-1",
            "replication_configuration": [],
            "request_payer": "BucketOwner",
            "server_side_encryption_configuration": [],
            "tags": {
              "Name": "prateekpratilipi98"
            },
            "versioning": [
              {
                "enabled": false,
                "mfa_delete": false
              }
            ],
            "website": [],
            "website_domain": null,
            "website_endpoint": null
          }
        }
      ]
    }
  ]
}
